# This file was autogenerated by Stack.
# You should not edit this file by hand.
# For more information, please see the documentation at:
#   https://docs.haskellstack.org/en/stable/lock_files

packages:
- completed:
    hackage: datetime-0.3.1@sha256:7e275bd0ce7a2f66445bedfa0006abaf4d41af4c2204c3f8004c17eab5480e74,1534
    pantry-tree:
      size: 334
      sha256: d41d182c143676464cb1774f0b7777e870ddeaf8b6cd5fee6ff0114997a1f504
  original:
    hackage: datetime-0.3.1@sha256:7e275bd0ce7a2f66445bedfa0006abaf4d41af4c2204c3f8004c17eab5480e74,1534
- completed:
    subdir: matrix-client
    name: matrix-client
    version: 0.1.4.3
    git: https://github.com/softwarefactory-project/matrix-client-haskell.git
    pantry-tree:
      size: 847
      sha256: f5efb552be1a5002c5f9fbe6e82ad357cd1ee61043e3419ff663c11a5186795f
    commit: 469798570100b2a3955c2cd86da3ede5cd60eb3c
  original:
    subdir: matrix-client
    git: https://github.com/softwarefactory-project/matrix-client-haskell.git
    commit: 469798570100b2a3955c2cd86da3ede5cd60eb3c
snapshots:
- completed:
    size: 619391
    url: https://raw.githubusercontent.com/commercialhaskell/stackage-snapshots/master/lts/19/21.yaml
    sha256: fe8926aaa3f05bb1a0a82551d2e221f267726fe73ac369d74f7b909d45b92fba
  original:
    url: https://raw.githubusercontent.com/commercialhaskell/stackage-snapshots/master/lts/19/21.yaml
